
Microsoft Visual Studio Solution File, Format Version 12.00
# Visual Studio Version 16
VisualStudioVersion = 16.0.29613.14
MinimumVisualStudioVersion = 10.0.40219.1
Project("{FAE04EC0-301F-11D3-BF4B-00C04F79EFBC}") = "WebApplication1", "WebApplication1\WebApplication1.csproj", "{C171B074-06B4-44BC-B977-6894AA0A0727}"
EndProject
Global
	GlobalSection(SolutionConfigurationPlatforms) = preSolution
		Debug|Any CPU = Debug|Any CPU
		Release|Any CPU = Release|Any CPU
	EndGlobalSection
	GlobalSection(ProjectConfigurationPlatforms) = postSolution
		{C171B074-06B4-44BC-B977-6894AA0A0727}.Debug|Any CPU.ActiveCfg = Debug|Any CPU
		{C171B074-06B4-44BC-B977-6894AA0A0727}.Debug|Any CPU.Build.0 = Debug|Any CPU
		{C171B074-06B4-44BC-B977-6894AA0A0727}.Release|Any CPU.ActiveCfg = Release|Any CPU
		{C171B074-06B4-44BC-B977-6894AA0A0727}.Release|Any CPU.Build.0 = Release|Any CPU
	EndGlobalSection
	GlobalSection(SolutionProperties) = preSolution
		HideSolutionNode = FALSE
	EndGlobalSection
	GlobalSection(ExtensibilityGlobals) = postSolution
		SolutionGuid = {D470C74B-2327-44EE-BD6E-51A2F4B60BB5}
	EndGlobalSection
EndGlobal
